
Microsoft Visual Studio Solution File, Format Version 12.00
# Visual Studio Version 17
VisualStudioVersion = 17.11.35312.102
MinimumVisualStudioVersion = 10.0.40219.1
Project("{FAE04EC0-301F-11D3-BF4B-00C04F79EFBC}") = "Calculadora", "Calculadora\Calculadora.csproj", "{CCC09219-0B1E-4D23-AC01-005A9A985977}"
EndProject
Global
	GlobalSection(SolutionConfigurationPlatforms) = preSolution
		Debug|Any CPU = Debug|Any CPU
		Release|Any CPU = Release|Any CPU
	EndGlobalSection
	GlobalSection(ProjectConfigurationPlatforms) = postSolution
		{CCC09219-0B1E-4D23-AC01-005A9A985977}.Debug|Any CPU.ActiveCfg = Debug|Any CPU
		{CCC09219-0B1E-4D23-AC01-005A9A985977}.Debug|Any CPU.Build.0 = Debug|Any CPU
		{CCC09219-0B1E-4D23-AC01-005A9A985977}.Release|Any CPU.ActiveCfg = Release|Any CPU
		{CCC09219-0B1E-4D23-AC01-005A9A985977}.Release|Any CPU.Build.0 = Release|Any CPU
	EndGlobalSection
	GlobalSection(SolutionProperties) = preSolution
		HideSolutionNode = FALSE
	EndGlobalSection
	GlobalSection(ExtensibilityGlobals) = postSolution
		SolutionGuid = {6A178827-C3CB-437B-83BE-AE3B91BE3658}
	EndGlobalSection
EndGlobal
